<Project ToolsVersion="4.0" xmlns="http://schemas.microsoft.com/developer/msbuild/2003">
  <ItemGroup>
    <Filter Include="Source Files">
      <UniqueIdentifier>{4FC737F1-C7A5-4376-A066-2A32D752A2FF}</UniqueIdentifier>
      <Extensions>cpp;c;cc;cxx;def;odl;idl;hpj;bat;asm;asmx</Extensions>
    </Filter>
    <Filter Include="Header Files">
      <UniqueIdentifier>{93995380-89BD-4b04-88EB-625FBE52EBFB}</UniqueIdentifier>
      <Extensions>h;hpp;hxx;hm;inl;inc;xsd</Extensions>
    </Filter>
    <Filter Include="Resource Files">
      <UniqueIdentifier>{67DA6AB6-F800-4c08-8B7A-83BB121AAD01}</UniqueIdentifier>
      <Extensions>rc;ico;cur;bmp;dlg;rc2;rct;bin;rgs;gif;jpg;jpeg;jpe;resx;tiff;tif;png;wav</Extensions>
    </Filter>
    <Filter Include="Blocks">
      <UniqueIdentifier>{5C52ECEC-D3DA-49B8-A8CB-88A5EE26C697}</UniqueIdentifier>
    </Filter>
    <Filter Include="Blocks\vnm">
      <UniqueIdentifier>{4EEC341F-E34F-40D1-B122-5882D2CAF134}</UniqueIdentifier>
    </Filter>
    <Filter Include="Blocks\vnm\src">
      <UniqueIdentifier>{290213B8-93EA-41B7-873B-225D00355220}</UniqueIdentifier>
    </Filter>
    <Filter Include="Blocks\vnm\include">
      <UniqueIdentifier>{B4539CA1-1313-4750-9A24-6763817C21A1}</UniqueIdentifier>
    </Filter>
    <Filter Include="Blocks\enkiTS">
      <UniqueIdentifier>{cef24e9b-2012-424f-9842-cee05177fb50}</UniqueIdentifier>
    </Filter>
    <Filter Include="Blocks\tracy">
      <UniqueIdentifier>{bc48f587-79bd-4300-b2f2-0c0bb9a7af92}</UniqueIdentifier>
    </Filter>
    <Filter Include="Blocks\remote">
      <UniqueIdentifier>{3b479611-52ae-458a-b5a8-15361170de87}</UniqueIdentifier>
    </Filter>
  </ItemGroup>
  <ItemGroup>
    <ClCompile Include="..\src\enkiTSTestApp.cpp">
      <Filter>Source Files</Filter>
    </ClCompile>
    <ClInclude Include="..\include\Resources.h">
      <Filter>Header Files</Filter>
    </ClInclude>
    <ClInclude Include="..\include\item.def">
      <Filter>Header Files</Filter>
    </ClInclude>
    <ClCompile Include="..\src\enkiTSTestApp.cpp">
      <Filter>Source Files</Filter>
    </ClCompile>
    <ClCompile Include="..\..\..\Cinder\blocks\Cinder-VNM\src\AssetManager.cpp">
      <Filter>Blocks\vnm\src</Filter>
    </ClCompile>
    <ClCompile Include="..\..\..\Cinder\blocks\Cinder-VNM\src\MiniConfig.cpp">
      <Filter>Blocks\vnm\src</Filter>
    </ClCompile>
    <ClInclude Include="..\..\..\Cinder\blocks\Cinder-VNM\include\AnsiToUtf.h">
      <Filter>Blocks\vnm\include</Filter>
    </ClInclude>
    <ClInclude Include="..\..\..\Cinder\blocks\Cinder-VNM\include\AssetManager.h">
      <Filter>Blocks\vnm\include</Filter>
    </ClInclude>
    <ClInclude Include="..\..\..\Cinder\blocks\Cinder-VNM\include\CaptureHelper.h">
      <Filter>Blocks\vnm\include</Filter>
    </ClInclude>
    <ClInclude Include="..\..\..\Cinder\blocks\Cinder-VNM\include\CinderGuizmo.h">
      <Filter>Blocks\vnm\include</Filter>
    </ClInclude>
    <ClInclude Include="..\..\..\Cinder\blocks\Cinder-VNM\include\CubemapRenderer.h">
      <Filter>Blocks\vnm\include</Filter>
    </ClInclude>
    <ClInclude Include="..\..\..\Cinder\blocks\Cinder-VNM\include\DearLogger.h">
      <Filter>Blocks\vnm\include</Filter>
    </ClInclude>
    <ClInclude Include="..\..\..\Cinder\blocks\Cinder-VNM\include\FontHelper.h">
      <Filter>Blocks\vnm\include</Filter>
    </ClInclude>
    <ClInclude Include="..\..\..\Cinder\blocks\Cinder-VNM\include\GLHelper.h">
      <Filter>Blocks\vnm\include</Filter>
    </ClInclude>
    <ClInclude Include="..\..\..\Cinder\blocks\Cinder-VNM\include\GlslParamsBuilder.h">
      <Filter>Blocks\vnm\include</Filter>
    </ClInclude>
    <ClInclude Include="..\..\..\Cinder\blocks\Cinder-VNM\include\GlslParamsBuilderImgui.h">
      <Filter>Blocks\vnm\include</Filter>
    </ClInclude>
    <ClInclude Include="..\..\..\Cinder\blocks\Cinder-VNM\include\LimitSingleInstance.h">
      <Filter>Blocks\vnm\include</Filter>
    </ClInclude>
    <ClInclude Include="..\..\..\Cinder\blocks\Cinder-VNM\include\MiniConfig.h">
      <Filter>Blocks\vnm\include</Filter>
    </ClInclude>
    <ClInclude Include="..\..\..\Cinder\blocks\Cinder-VNM\include\MiniConfigImgui.h">
      <Filter>Blocks\vnm\include</Filter>
    </ClInclude>
    <ClInclude Include="..\..\..\Cinder\blocks\Cinder-VNM\include\MotionHelper.h">
      <Filter>Blocks\vnm\include</Filter>
    </ClInclude>
    <ClInclude Include="..\..\..\Cinder\blocks\Cinder-VNM\include\NvOptimusEnablement.h">
      <Filter>Blocks\vnm\include</Filter>
    </ClInclude>
    <ClInclude Include="..\..\..\Cinder\blocks\Cinder-VNM\include\OscHelper.h">
      <Filter>Blocks\vnm\include</Filter>
    </ClInclude>
    <ClInclude Include="..\..\..\Cinder\blocks\Cinder-VNM\include\SharedMemory.h">
      <Filter>Blocks\vnm\include</Filter>
    </ClInclude>
    <ClInclude Include="..\..\..\Cinder\blocks\Cinder-VNM\include\StateMachine.h">
      <Filter>Blocks\vnm\include</Filter>
    </ClInclude>
    <ClInclude Include="..\..\..\Cinder\blocks\Cinder-VNM\include\TextureHelper.h">
      <Filter>Blocks\vnm\include</Filter>
    </ClInclude>
    <ClInclude Include="..\..\..\Cinder\blocks\Cinder-VNM\include\TuioHelper.h">
      <Filter>Blocks\vnm\include</Filter>
    </ClInclude>
    <ClCompile Include="..\..\blocks\tracy\TracyClient.cpp">
      <Filter>Blocks\tracy</Filter>
    </ClCompile>
    <ClCompile Include="..\..\..\Cinder\blocks\Cinder-VNM\ui\imgui_remote\lz4\lz4.c">
      <Filter>Blocks\remote</Filter>
    </ClCompile>
    <ClCompile Include="..\..\..\Cinder\blocks\Cinder-VNM\ui\imgui_remote\lz4\lz4frame.c">
      <Filter>Blocks\remote</Filter>
    </ClCompile>
    <ClCompile Include="..\..\..\Cinder\blocks\Cinder-VNM\ui\imgui_remote\lz4\lz4hc.c">
      <Filter>Blocks\remote</Filter>
    </ClCompile>
    <ClCompile Include="..\..\..\Cinder\blocks\Cinder-VNM\ui\imgui_remote\lz4\xxhash.c">
      <Filter>Blocks\remote</Filter>
    </ClCompile>
    <ClCompile Include="..\..\..\Cinder\blocks\Cinder-VNM\ui\imgui_remote\webby\webby.c">
      <Filter>Blocks\remote</Filter>
    </ClCompile>
    <ClCompile Include="..\..\..\Cinder\blocks\Cinder-VNM\ui\CinderRemoteImgui.cpp">
      <Filter>Blocks\remote</Filter>
    </ClCompile>
    <ClCompile Include="..\..\..\Cinder\blocks\Cinder-VNM\ui\enkiTS\TaskScheduler.cpp">
      <Filter>Blocks\enkiTS</Filter>
    </ClCompile>
  </ItemGroup>
  <ItemGroup>
    <ClInclude Include="..\include\Resources.h">
      <Filter>Header Files</Filter>
    </ClInclude>
    <ClInclude Include="..\..\blocks\tracy\Tracy.hpp">
      <Filter>Blocks\tracy</Filter>
    </ClInclude>
    <ClInclude Include="..\..\blocks\tracy\TracyC.h">
      <Filter>Blocks\tracy</Filter>
    </ClInclude>
    <ClInclude Include="..\..\blocks\tracy\TracyD3D12.hpp">
      <Filter>Blocks\tracy</Filter>
    </ClInclude>
    <ClInclude Include="..\..\blocks\tracy\TracyLua.hpp">
      <Filter>Blocks\tracy</Filter>
    </ClInclude>
    <ClInclude Include="..\..\blocks\tracy\TracyOpenCL.hpp">
      <Filter>Blocks\tracy</Filter>
    </ClInclude>
    <ClInclude Include="..\..\blocks\tracy\TracyOpenGL.hpp">
      <Filter>Blocks\tracy</Filter>
    </ClInclude>
    <ClInclude Include="..\..\blocks\tracy\TracyVulkan.hpp">
      <Filter>Blocks\tracy</Filter>
    </ClInclude>
    <ClInclude Include="..\..\..\Cinder\blocks\Cinder-VNM\ui\imgui_remote\imgui_remote.h">
      <Filter>Blocks\remote</Filter>
    </ClInclude>
    <ClInclude Include="..\..\..\Cinder\blocks\Cinder-VNM\ui\imgui_remote\imgui_remote_webby.h">
      <Filter>Blocks\remote</Filter>
    </ClInclude>
    <ClInclude Include="..\..\..\Cinder\blocks\Cinder-VNM\ui\imgui_remote\lz4\lz4.h">
      <Filter>Blocks\remote</Filter>
    </ClInclude>
    <ClInclude Include="..\..\..\Cinder\blocks\Cinder-VNM\ui\imgui_remote\lz4\lz4frame.h">
      <Filter>Blocks\remote</Filter>
    </ClInclude>
    <ClInclude Include="..\..\..\Cinder\blocks\Cinder-VNM\ui\imgui_remote\lz4\lz4frame_static.h">
      <Filter>Blocks\remote</Filter>
    </ClInclude>
    <ClInclude Include="..\..\..\Cinder\blocks\Cinder-VNM\ui\imgui_remote\lz4\lz4hc.h">
      <Filter>Blocks\remote</Filter>
    </ClInclude>
    <ClInclude Include="..\..\..\Cinder\blocks\Cinder-VNM\ui\imgui_remote\lz4\xxhash.h">
      <Filter>Blocks\remote</Filter>
    </ClInclude>
    <ClInclude Include="..\..\..\Cinder\blocks\Cinder-VNM\ui\imgui_remote\webby\webby.h">
      <Filter>Blocks\remote</Filter>
    </ClInclude>
    <ClInclude Include="..\..\..\Cinder\blocks\Cinder-VNM\ui\imgui_remote\webby\webby_unix.h">
      <Filter>Blocks\remote</Filter>
    </ClInclude>
    <ClInclude Include="..\..\..\Cinder\blocks\Cinder-VNM\ui\imgui_remote\webby\webby_win32.h">
      <Filter>Blocks\remote</Filter>
    </ClInclude>
    <ClInclude Include="..\..\..\Cinder\blocks\Cinder-VNM\include\CinderRemoteImgui.h">
      <Filter>Blocks\remote</Filter>
    </ClInclude>
    <ClInclude Include="..\..\..\Cinder\blocks\Cinder-VNM\ui\enkiTS\TaskScheduler.h">
      <Filter>Blocks\enkiTS</Filter>
    </ClInclude>
    <ClInclude Include="..\..\..\Cinder\blocks\Cinder-VNM\ui\enkiTS\LockLessMultiReadPipe.h">
      <Filter>Blocks\enkiTS</Filter>
    </ClInclude>
  </ItemGroup>
  <ItemGroup>
    <ResourceCompile Include="Resources.rc">
      <Filter>Resource Files</Filter>
    </ResourceCompile>
  </ItemGroup>
</Project>