<?xml version="1.0" encoding="utf-8"?>
<Project ToolsVersion="4.0" xmlns="http://schemas.microsoft.com/developer/msbuild/2003">
  <ItemGroup>
    <ClInclude Include="android_native_app_glue.h" />
    <ClInclude Include="..\..\blocks\tracy\TracyC.h">
      <Filter>Tracy</Filter>
    </ClInclude>
    <ClInclude Include="..\..\blocks\tracy\Tracy.hpp">
      <Filter>Tracy</Filter>
    </ClInclude>
    <ClInclude Include="..\..\blocks\tracy\TracyD3D12.hpp">
      <Filter>Tracy</Filter>
    </ClInclude>
    <ClInclude Include="..\..\blocks\tracy\TracyLua.hpp">
      <Filter>Tracy</Filter>
    </ClInclude>
    <ClInclude Include="..\..\blocks\tracy\TracyOpenCL.hpp">
      <Filter>Tracy</Filter>
    </ClInclude>
    <ClInclude Include="..\..\blocks\tracy\TracyOpenGL.hpp">
      <Filter>Tracy</Filter>
    </ClInclude>
    <ClInclude Include="..\..\blocks\tracy\TracyVulkan.hpp">
      <Filter>Tracy</Filter>
    </ClInclude>
    <ClInclude Include="..\..\..\Cinder\blocks\Cinder-VNM\ui\remotery\Remotery.h">
      <Filter>Remotery</Filter>
    </ClInclude>
  </ItemGroup>
  <ItemGroup>
    <ClCompile Include="android_native_app_glue.c" />
    <ClCompile Include="main.cpp" />
    <ClCompile Include="..\..\blocks\tracy\TracyClient.cpp">
      <Filter>Tracy</Filter>
    </ClCompile>
    <ClCompile Include="..\..\..\Cinder\blocks\Cinder-VNM\ui\remotery\Remotery.c">
      <Filter>Remotery</Filter>
    </ClCompile>
  </ItemGroup>
  <ItemGroup>
    <Filter Include="Tracy">
      <UniqueIdentifier>{74cfcf06-2fce-4d56-a331-ac0d5eeeef41}</UniqueIdentifier>
    </Filter>
    <Filter Include="Remotery">
      <UniqueIdentifier>{3a7596d7-29c8-4ebc-af19-d645835b0cfb}</UniqueIdentifier>
    </Filter>
  </ItemGroup>
</Project>