Microsoft Visual Studio Solution File, Format Version 12.00
# Visual Studio Version 16
Project("{8BC9CEB8-8B4A-11D0-8D11-00A0C91BC942}") = "LuaTest", "LuaTest.vcxproj", "{BEC2FABE-000B-48E1-AA1F-C80EC3FFF56B}"
EndProject
Global
	GlobalSection(SolutionConfigurationPlatforms) = preSolution
		Debug|x64 = Debug|x64
		Release|x64 = Release|x64
	EndGlobalSection
	GlobalSection(ProjectConfigurationPlatforms) = postSolution
		{BEC2FABE-000B-48E1-AA1F-C80EC3FFF56B}.Debug|x64.ActiveCfg = Debug|x64
		{BEC2FABE-000B-48E1-AA1F-C80EC3FFF56B}.Debug|x64.Build.0 = Debug|x64
		{BEC2FABE-000B-48E1-AA1F-C80EC3FFF56B}.Release|x64.ActiveCfg = Release|x64
		{BEC2FABE-000B-48E1-AA1F-C80EC3FFF56B}.Release|x64.Build.0 = Release|x64
	EndGlobalSection
	GlobalSection(SolutionProperties) = preSolution
		HideSolutionNode = FALSE
	EndGlobalSection
EndGlobal
