Microsoft Visual Studio Solution File, Format Version 12.00
# Visual Studio Version 16
VisualStudioVersion = 16.0.29102.190
MinimumVisualStudioVersion = 10.0.40219.1
Project("{8BC9CEB8-8B4A-11D0-8D11-00A0C91BC942}") = "OneWorldMultipleWindows", "OneWorldMultipleWindows.vcxproj", "{FA6FC4CF-B188-4602-8FF5-0AF478C20A00}"
EndProject
Global
	GlobalSection(SolutionConfigurationPlatforms) = preSolution
		Debug|x64 = Debug|x64
		Release|x64 = Release|x64
	EndGlobalSection
	GlobalSection(ProjectConfigurationPlatforms) = postSolution
		{FA6FC4CF-B188-4602-8FF5-0AF478C20A00}.Debug|x64.ActiveCfg = Debug|x64
		{FA6FC4CF-B188-4602-8FF5-0AF478C20A00}.Debug|x64.Build.0 = Debug|x64
		{FA6FC4CF-B188-4602-8FF5-0AF478C20A00}.Release|x64.ActiveCfg = Release|x64
		{FA6FC4CF-B188-4602-8FF5-0AF478C20A00}.Release|x64.Build.0 = Release|x64
	EndGlobalSection
	GlobalSection(SolutionProperties) = preSolution
		HideSolutionNode = FALSE
	EndGlobalSection
	GlobalSection(ExtensibilityGlobals) = postSolution
		SolutionGuid = {98108C2F-F87D-4B6E-BD86-3EB547E2ED14}
	EndGlobalSection
EndGlobal
