// !$*UTF8*$!
{
	archiveVersion = 1;
	classes = {
	};
	objectVersion = 46;
	objects = {

/* Begin PBXBuildFile section */
		006D720419952D00008149E2 /* AVFoundation.framework in Frameworks */ = {isa = PBXBuildFile; fileRef = 006D720219952D00008149E2 /* AVFoundation.framework */; };
		006D720519952D00008149E2 /* CoreMedia.framework in Frameworks */ = {isa = PBXBuildFile; fileRef = 006D720319952D00008149E2 /* CoreMedia.framework */; };
		0091D8F90E81B9330029341E /* OpenGL.framework in Frameworks */ = {isa = PBXBuildFile; fileRef = 0091D8F80E81B9330029341E /* OpenGL.framework */; };
		00B784B30FF439BC000DE1D7 /* Accelerate.framework in Frameworks */ = {isa = PBXBuildFile; fileRef = 00B784AF0FF439BC000DE1D7 /* Accelerate.framework */; };
		00B784B40FF439BC000DE1D7 /* AudioToolbox.framework in Frameworks */ = {isa = PBXBuildFile; fileRef = 00B784B00FF439BC000DE1D7 /* AudioToolbox.framework */; };
		00B784B50FF439BC000DE1D7 /* AudioUnit.framework in Frameworks */ = {isa = PBXBuildFile; fileRef = 00B784B10FF439BC000DE1D7 /* AudioUnit.framework */; };
		00B784B60FF439BC000DE1D7 /* CoreAudio.framework in Frameworks */ = {isa = PBXBuildFile; fileRef = 00B784B20FF439BC000DE1D7 /* CoreAudio.framework */; };
		00B9955A1B128DF400A5C623 /* IOKit.framework in Frameworks */ = {isa = PBXBuildFile; fileRef = 00B995581B128DF400A5C623 /* IOKit.framework */; };
		00B9955B1B128DF400A5C623 /* IOSurface.framework in Frameworks */ = {isa = PBXBuildFile; fileRef = 00B995591B128DF400A5C623 /* IOSurface.framework */; };
		5323E6B20EAFCA74003A9687 /* CoreVideo.framework in Frameworks */ = {isa = PBXBuildFile; fileRef = 5323E6B10EAFCA74003A9687 /* CoreVideo.framework */; };
		8D11072F0486CEB800E47090 /* Cocoa.framework in Frameworks */ = {isa = PBXBuildFile; fileRef = 1058C7A1FEA54F0111CA2CBB /* Cocoa.framework */; };
		E7B2D698B5F648D7A6556063 /* TextureHelper.h in Headers */ = {isa = PBXBuildFile; fileRef = 714D9FCE67DD4348ACCE05E9 /* TextureHelper.h */; };
		6B435EF173DA48EEA53D9322 /* StateMachine.h in Headers */ = {isa = PBXBuildFile; fileRef = 44658F7F562644CB95758647 /* StateMachine.h */; };
		1E40165B35FF4FD88E4F0E88 /* MotionHelper.h in Headers */ = {isa = PBXBuildFile; fileRef = 0CBF2E9485284DD0AAEB75C9 /* MotionHelper.h */; };
		CAAE0DF27E724384801C4748 /* MiniConfigImgui.h in Headers */ = {isa = PBXBuildFile; fileRef = 55A9C8D660AB4362A7A5E8BA /* MiniConfigImgui.h */; };
		476C2F136A0F4B759F019FA8 /* MiniConfig.h in Headers */ = {isa = PBXBuildFile; fileRef = C9B79C0743B34285AB26A80C /* MiniConfig.h */; };
		791F4F8722734E9D8130AEA7 /* GlslParamsBuilderImgui.h in Headers */ = {isa = PBXBuildFile; fileRef = D6CD4D5131E847EE9847210B /* GlslParamsBuilderImgui.h */; };
		E7EE4F2042A74229BE77CF74 /* GlslParamsBuilder.h in Headers */ = {isa = PBXBuildFile; fileRef = C04BE94AC9234E1D80D4682D /* GlslParamsBuilder.h */; };
		981CD595740F4D928BE66CEE /* FontHelper.h in Headers */ = {isa = PBXBuildFile; fileRef = FDDEC90F81694C2BB11DDD2D /* FontHelper.h */; };
		70631BDC00214516BE636C30 /* CaptureHelper.h in Headers */ = {isa = PBXBuildFile; fileRef = E85CE99CC867493D86E5EAD9 /* CaptureHelper.h */; };
		98490D08C63D4377B7C60D63 /* AssetManager.h in Headers */ = {isa = PBXBuildFile; fileRef = EC7FBA6A101C4200A322F614 /* AssetManager.h */; };
		BA9C610972A14DD69185780B /* MiniConfig.cpp in Sources */ = {isa = PBXBuildFile; fileRef = 75B4CA0CE21B4C21B015B71D /* MiniConfig.cpp */; };
		56CFB6E0C6AE446A9883DB7C /* AssetManager.cpp in Sources */ = {isa = PBXBuildFile; fileRef = F2AD4CCB94FC4E0B82454932 /* AssetManager.cpp */; };
		AB487D48B8B5413EAB79169B /* ShaderToyApp.cpp in Sources */ = {isa = PBXBuildFile; fileRef = FF30B2A9419847B7ACB7A523 /* ShaderToyApp.cpp */; };
		EA06C769251B4BF9AE3736CB /* item.def in Headers */ = {isa = PBXBuildFile; fileRef = 16FE9D624B5A4BD08AABD3AC /* item.def */; };
		EE6EB695C57A4422BDADDE45 /* ShaderToy_Prefix.pch in Headers */ = {isa = PBXBuildFile; fileRef = 6A72F6BF9C934A0DA4B9E31A /* ShaderToy_Prefix.pch */; };
		004E84F8731D4BA48C3533F3 /* CinderApp.icns in Resources */ = {isa = PBXBuildFile; fileRef = 81D5C8BBCC144C98A9B40165 /* CinderApp.icns */; };
		96DDB856C9E4473F93B948AB /* Resources.h in Headers */ = {isa = PBXBuildFile; fileRef = 02CE6BA6952F4F988C24CF78 /* Resources.h */; };
/* End PBXBuildFile section */

/* Begin PBXFileReference section */
		006D720219952D00008149E2 /* AVFoundation.framework */ = {isa = PBXFileReference; lastKnownFileType = wrapper.framework; name = AVFoundation.framework; path = System/Library/Frameworks/AVFoundation.framework; sourceTree = SDKROOT; };
		006D720319952D00008149E2 /* CoreMedia.framework */ = {isa = PBXFileReference; lastKnownFileType = wrapper.framework; name = CoreMedia.framework; path = System/Library/Frameworks/CoreMedia.framework; sourceTree = SDKROOT; };
		0091D8F80E81B9330029341E /* OpenGL.framework */ = {isa = PBXFileReference; lastKnownFileType = wrapper.framework; name = OpenGL.framework; path = /System/Library/Frameworks/OpenGL.framework; sourceTree = "<absolute>"; };
		00B784AF0FF439BC000DE1D7 /* Accelerate.framework */ = {isa = PBXFileReference; lastKnownFileType = wrapper.framework; name = Accelerate.framework; path = System/Library/Frameworks/Accelerate.framework; sourceTree = SDKROOT; };
		00B784B00FF439BC000DE1D7 /* AudioToolbox.framework */ = {isa = PBXFileReference; lastKnownFileType = wrapper.framework; name = AudioToolbox.framework; path = System/Library/Frameworks/AudioToolbox.framework; sourceTree = SDKROOT; };
		00B784B10FF439BC000DE1D7 /* AudioUnit.framework */ = {isa = PBXFileReference; lastKnownFileType = wrapper.framework; name = AudioUnit.framework; path = System/Library/Frameworks/AudioUnit.framework; sourceTree = SDKROOT; };
		00B784B20FF439BC000DE1D7 /* CoreAudio.framework */ = {isa = PBXFileReference; lastKnownFileType = wrapper.framework; name = CoreAudio.framework; path = System/Library/Frameworks/CoreAudio.framework; sourceTree = SDKROOT; };
		00B995581B128DF400A5C623 /* IOKit.framework */ = {isa = PBXFileReference; lastKnownFileType = wrapper.framework; name = IOKit.framework; path = System/Library/Frameworks/IOKit.framework; sourceTree = SDKROOT; };
		00B995591B128DF400A5C623 /* IOSurface.framework */ = {isa = PBXFileReference; lastKnownFileType = wrapper.framework; name = IOSurface.framework; path = System/Library/Frameworks/IOSurface.framework; sourceTree = SDKROOT; };
		1058C7A1FEA54F0111CA2CBB /* Cocoa.framework */ = {isa = PBXFileReference; lastKnownFileType = wrapper.framework; name = Cocoa.framework; path = /System/Library/Frameworks/Cocoa.framework; sourceTree = "<absolute>"; };
		29B97324FDCFA39411CA2CEA /* AppKit.framework */ = {isa = PBXFileReference; lastKnownFileType = wrapper.framework; name = AppKit.framework; path = /System/Library/Frameworks/AppKit.framework; sourceTree = "<absolute>"; };
		29B97325FDCFA39411CA2CEA /* Foundation.framework */ = {isa = PBXFileReference; lastKnownFileType = wrapper.framework; name = Foundation.framework; path = /System/Library/Frameworks/Foundation.framework; sourceTree = "<absolute>"; };
		5323E6B10EAFCA74003A9687 /* CoreVideo.framework */ = {isa = PBXFileReference; lastKnownFileType = wrapper.framework; name = CoreVideo.framework; path = /System/Library/Frameworks/CoreVideo.framework; sourceTree = "<absolute>"; };
		8D1107320486CEB800E47090 /* ShaderToy.app */ = {isa = PBXFileReference; explicitFileType = wrapper.application; includeInIndex = 0; path = ShaderToy.app; sourceTree = BUILT_PRODUCTS_DIR; };
		02CE6BA6952F4F988C24CF78 /* Resources.h */ = {isa = PBXFileReference; lastKnownFileType = sourcecode.c.h; path = ../include/Resources.h; sourceTree = "<group>"; name = Resources.h; };
		81D5C8BBCC144C98A9B40165 /* CinderApp.icns */ = {isa = PBXFileReference; lastKnownFileType = image.icns; path = ../resources/CinderApp.icns; sourceTree = "<group>"; name = CinderApp.icns; };
		E590EEBECF024D8AAD108E89 /* Info.plist */ = {isa = PBXFileReference; lastKnownFileType = text.plist.xml; path = Info.plist; sourceTree = "<group>"; name = Info.plist; };
		6A72F6BF9C934A0DA4B9E31A /* ShaderToy_Prefix.pch */ = {isa = PBXFileReference; lastKnownFileType = "\"\""; path = ShaderToy_Prefix.pch; sourceTree = "<group>"; name = ShaderToy_Prefix.pch; };
		16FE9D624B5A4BD08AABD3AC /* item.def */ = {isa = PBXFileReference; lastKnownFileType = "\"\""; path = ../include/item.def; sourceTree = "<group>"; name = item.def; };
		FF30B2A9419847B7ACB7A523 /* ShaderToyApp.cpp */ = {isa = PBXFileReference; lastKnownFileType = sourcecode.c.cpp; path = ../src/ShaderToyApp.cpp; sourceTree = "<group>"; name = ShaderToyApp.cpp; };
		F2AD4CCB94FC4E0B82454932 /* AssetManager.cpp */ = {isa = PBXFileReference; path = "../../../Cinder/blocks/Cinder-VNM/src/AssetManager.cpp"; sourceTree = "<group>"; explicitFileType = "\"\""; name = AssetManager.cpp; };
		75B4CA0CE21B4C21B015B71D /* MiniConfig.cpp */ = {isa = PBXFileReference; path = "../../../Cinder/blocks/Cinder-VNM/src/MiniConfig.cpp"; sourceTree = "<group>"; explicitFileType = "\"\""; name = MiniConfig.cpp; };
		EC7FBA6A101C4200A322F614 /* AssetManager.h */ = {isa = PBXFileReference; lastKnownFileType = sourcecode.c.h; path = "../../../Cinder/blocks/Cinder-VNM/include/AssetManager.h"; sourceTree = "<group>"; name = AssetManager.h; };
		E85CE99CC867493D86E5EAD9 /* CaptureHelper.h */ = {isa = PBXFileReference; lastKnownFileType = sourcecode.c.h; path = "../../../Cinder/blocks/Cinder-VNM/include/CaptureHelper.h"; sourceTree = "<group>"; name = CaptureHelper.h; };
		FDDEC90F81694C2BB11DDD2D /* FontHelper.h */ = {isa = PBXFileReference; lastKnownFileType = sourcecode.c.h; path = "../../../Cinder/blocks/Cinder-VNM/include/FontHelper.h"; sourceTree = "<group>"; name = FontHelper.h; };
		C04BE94AC9234E1D80D4682D /* GlslParamsBuilder.h */ = {isa = PBXFileReference; lastKnownFileType = sourcecode.c.h; path = "../../../Cinder/blocks/Cinder-VNM/include/GlslParamsBuilder.h"; sourceTree = "<group>"; name = GlslParamsBuilder.h; };
		D6CD4D5131E847EE9847210B /* GlslParamsBuilderImgui.h */ = {isa = PBXFileReference; lastKnownFileType = sourcecode.c.h; path = "../../../Cinder/blocks/Cinder-VNM/include/GlslParamsBuilderImgui.h"; sourceTree = "<group>"; name = GlslParamsBuilderImgui.h; };
		C9B79C0743B34285AB26A80C /* MiniConfig.h */ = {isa = PBXFileReference; lastKnownFileType = sourcecode.c.h; path = "../../../Cinder/blocks/Cinder-VNM/include/MiniConfig.h"; sourceTree = "<group>"; name = MiniConfig.h; };
		55A9C8D660AB4362A7A5E8BA /* MiniConfigImgui.h */ = {isa = PBXFileReference; lastKnownFileType = sourcecode.c.h; path = "../../../Cinder/blocks/Cinder-VNM/include/MiniConfigImgui.h"; sourceTree = "<group>"; name = MiniConfigImgui.h; };
		0CBF2E9485284DD0AAEB75C9 /* MotionHelper.h */ = {isa = PBXFileReference; lastKnownFileType = sourcecode.c.h; path = "../../../Cinder/blocks/Cinder-VNM/include/MotionHelper.h"; sourceTree = "<group>"; name = MotionHelper.h; };
		44658F7F562644CB95758647 /* StateMachine.h */ = {isa = PBXFileReference; lastKnownFileType = sourcecode.c.h; path = "../../../Cinder/blocks/Cinder-VNM/include/StateMachine.h"; sourceTree = "<group>"; name = StateMachine.h; };
		714D9FCE67DD4348ACCE05E9 /* TextureHelper.h */ = {isa = PBXFileReference; lastKnownFileType = sourcecode.c.h; path = "../../../Cinder/blocks/Cinder-VNM/include/TextureHelper.h"; sourceTree = "<group>"; name = TextureHelper.h; };
/* End PBXFileReference section */

/* Begin PBXFrameworksBuildPhase section */
		8D11072E0486CEB800E47090 /* Frameworks */ = {
			isa = PBXFrameworksBuildPhase;
			buildActionMask = 2147483647;
			files = (
				006D720419952D00008149E2 /* AVFoundation.framework in Frameworks */,
				006D720519952D00008149E2 /* CoreMedia.framework in Frameworks */,
				8D11072F0486CEB800E47090 /* Cocoa.framework in Frameworks */,
				0091D8F90E81B9330029341E /* OpenGL.framework in Frameworks */,
				5323E6B20EAFCA74003A9687 /* CoreVideo.framework in Frameworks */,
				00B784B30FF439BC000DE1D7 /* Accelerate.framework in Frameworks */,
				00B784B40FF439BC000DE1D7 /* AudioToolbox.framework in Frameworks */,
				00B784B50FF439BC000DE1D7 /* AudioUnit.framework in Frameworks */,
				00B784B60FF439BC000DE1D7 /* CoreAudio.framework in Frameworks */,
				00B9955A1B128DF400A5C623 /* IOKit.framework in Frameworks */,
				00B9955B1B128DF400A5C623 /* IOSurface.framework in Frameworks */,
			);
			runOnlyForDeploymentPostprocessing = 0;
		};
/* End PBXFrameworksBuildPhase section */

/* Begin PBXGroup section */
		080E96DDFE201D6D7F000001 /* Source */ = {
			isa = PBXGroup;
			children = (
				FF30B2A9419847B7ACB7A523 /* ShaderToyApp.cpp */,
			);
			name = Source;
			sourceTree = "<group>";
		};
		1058C7A0FEA54F0111CA2CBB /* Linked Frameworks */ = {
			isa = PBXGroup;
			children = (
				006D720219952D00008149E2 /* AVFoundation.framework */,
				006D720319952D00008149E2 /* CoreMedia.framework */,
				00B784AF0FF439BC000DE1D7 /* Accelerate.framework */,
				00B784B00FF439BC000DE1D7 /* AudioToolbox.framework */,
				00B784B10FF439BC000DE1D7 /* AudioUnit.framework */,
				00B784B20FF439BC000DE1D7 /* CoreAudio.framework */,
				5323E6B10EAFCA74003A9687 /* CoreVideo.framework */,
				0091D8F80E81B9330029341E /* OpenGL.framework */,
				1058C7A1FEA54F0111CA2CBB /* Cocoa.framework */,
				00B995581B128DF400A5C623 /* IOKit.framework */,
				00B995591B128DF400A5C623 /* IOSurface.framework */,
			);
			name = "Linked Frameworks";
			sourceTree = "<group>";
		};
		1058C7A2FEA54F0111CA2CBB /* Other Frameworks */ = {
			isa = PBXGroup;
			children = (
				29B97324FDCFA39411CA2CEA /* AppKit.framework */,
				29B97325FDCFA39411CA2CEA /* Foundation.framework */,
			);
			name = "Other Frameworks";
			sourceTree = "<group>";
		};
		19C28FACFE9D520D11CA2CBB /* Products */ = {
			isa = PBXGroup;
			children = (
				8D1107320486CEB800E47090 /* ShaderToy.app */,
			);
			name = Products;
			sourceTree = "<group>";
		};
		29B97314FDCFA39411CA2CEA /* ShaderToy */ = {
			isa = PBXGroup;
			children = (
				01B97315FEAEA392516A2CEA /* Blocks */,
				29B97315FDCFA39411CA2CEA /* Headers */,
				080E96DDFE201D6D7F000001 /* Source */,
				29B97317FDCFA39411CA2CEA /* Resources */,
				29B97323FDCFA39411CA2CEA /* Frameworks */,
				19C28FACFE9D520D11CA2CBB /* Products */,
			);
			name = ShaderToy;
			sourceTree = "<group>";
		};
		768D5ECF6F6340FB92987F08 /* src */ = {
			isa = PBXGroup;
			children = (
				F2AD4CCB94FC4E0B82454932 /* AssetManager.cpp */,
				75B4CA0CE21B4C21B015B71D /* MiniConfig.cpp */,
			);
			name = src;
			sourceTree = "<group>";
		};
		4511B8951D8A4E0DBD0BBE75 /* include */ = {
			isa = PBXGroup;
			children = (
				EC7FBA6A101C4200A322F614 /* AssetManager.h */,
				E85CE99CC867493D86E5EAD9 /* CaptureHelper.h */,
				FDDEC90F81694C2BB11DDD2D /* FontHelper.h */,
				C04BE94AC9234E1D80D4682D /* GlslParamsBuilder.h */,
				D6CD4D5131E847EE9847210B /* GlslParamsBuilderImgui.h */,
				C9B79C0743B34285AB26A80C /* MiniConfig.h */,
				55A9C8D660AB4362A7A5E8BA /* MiniConfigImgui.h */,
				0CBF2E9485284DD0AAEB75C9 /* MotionHelper.h */,
				44658F7F562644CB95758647 /* StateMachine.h */,
				714D9FCE67DD4348ACCE05E9 /* TextureHelper.h */,
			);
			name = include;
			sourceTree = "<group>";
		};
		48DC177803164D0ABC2B683B /* vnm */ = {
			isa = PBXGroup;
			children = (
				768D5ECF6F6340FB92987F08 /* src */,
				4511B8951D8A4E0DBD0BBE75 /* include */,
			);
			name = vnm;
			sourceTree = "<group>";
		};
		01B97315FEAEA392516A2CEA /* Blocks */ = {
			isa = PBXGroup;
			children = (
				48DC177803164D0ABC2B683B /* vnm */,
			);
			name = Blocks;
			sourceTree = "<group>";
		};
		29B97315FDCFA39411CA2CEA /* Headers */ = {
			isa = PBXGroup;
			children = (
				02CE6BA6952F4F988C24CF78 /* Resources.h */,
				6A72F6BF9C934A0DA4B9E31A /* ShaderToy_Prefix.pch */,
				16FE9D624B5A4BD08AABD3AC /* item.def */,
			);
			name = Headers;
			sourceTree = "<group>";
		};
		29B97317FDCFA39411CA2CEA /* Resources */ = {
			isa = PBXGroup;
			children = (
				81D5C8BBCC144C98A9B40165 /* CinderApp.icns */,
				E590EEBECF024D8AAD108E89 /* Info.plist */,
			);
			name = Resources;
			sourceTree = "<group>";
		};
		29B97323FDCFA39411CA2CEA /* Frameworks */ = {
			isa = PBXGroup;
			children = (
				1058C7A0FEA54F0111CA2CBB /* Linked Frameworks */,
				1058C7A2FEA54F0111CA2CBB /* Other Frameworks */,
			);
			name = Frameworks;
			sourceTree = "<group>";
		};
/* End PBXGroup section */

/* Begin PBXNativeTarget section */
		8D1107260486CEB800E47090 /* ShaderToy */ = {
			isa = PBXNativeTarget;
			buildConfigurationList = C01FCF4A08A954540054247B /* Build configuration list for PBXNativeTarget "ShaderToy" */;
			buildPhases = (
				8D1107290486CEB800E47090 /* Resources */,
				8D11072C0486CEB800E47090 /* Sources */,
				8D11072E0486CEB800E47090 /* Frameworks */,
			);
			buildRules = (
			);
			dependencies = (
			);
			name = ShaderToy;
			productInstallPath = "$(HOME)/Applications";
			productName = ShaderToy;
			productReference = 8D1107320486CEB800E47090 /* ShaderToy.app */;
			productType = "com.apple.product-type.application";
		};
/* End PBXNativeTarget section */

/* Begin PBXProject section */
		29B97313FDCFA39411CA2CEA /* Project object */ = {
			isa = PBXProject;
			buildConfigurationList = C01FCF4E08A954540054247B /* Build configuration list for PBXProject "ShaderToy" */;
			compatibilityVersion = "Xcode 3.2";
			developmentRegion = English;
			hasScannedForEncodings = 1;
			knownRegions = (
				English,
				Japanese,
				French,
				German,
			);
			mainGroup = 29B97314FDCFA39411CA2CEA /* ShaderToy */;
			projectDirPath = "";
			projectRoot = "";
			targets = (
				8D1107260486CEB800E47090 /* ShaderToy */,
			);
		};
/* End PBXProject section */

/* Begin PBXResourcesBuildPhase section */
		8D1107290486CEB800E47090 /* Resources */ = {
			isa = PBXResourcesBuildPhase;
			buildActionMask = 2147483647;
			files = (
				004E84F8731D4BA48C3533F3 /* CinderApp.icns in Resources */,
			);
			runOnlyForDeploymentPostprocessing = 0;
		};
/* End PBXResourcesBuildPhase section */

/* Begin PBXSourcesBuildPhase section */
		8D11072C0486CEB800E47090 /* Sources */ = {
			isa = PBXSourcesBuildPhase;
			buildActionMask = 2147483647;
			files = (
				AB487D48B8B5413EAB79169B /* ShaderToyApp.cpp in Sources */,
				56CFB6E0C6AE446A9883DB7C /* AssetManager.cpp in Sources */,
				BA9C610972A14DD69185780B /* MiniConfig.cpp in Sources */,
			);
			runOnlyForDeploymentPostprocessing = 0;
		};
/* End PBXSourcesBuildPhase section */

/* Begin XCBuildConfiguration section */
		C01FCF4B08A954540054247B /* Debug */ = {
			isa = XCBuildConfiguration;
			buildSettings = {
				COMBINE_HIDPI_IMAGES = YES;
				DEAD_CODE_STRIPPING = YES;
				COPY_PHASE_STRIP = NO;
				GCC_DYNAMIC_NO_PIC = NO;
				GCC_INLINES_ARE_PRIVATE_EXTERN = YES;
				GCC_OPTIMIZATION_LEVEL = 0;
				GCC_PREPROCESSOR_DEFINITIONS = (
					"DEBUG=1",
					"$(inherited)",
				);
				GCC_PRECOMPILE_PREFIX_HEADER = YES;
				GCC_PREFIX_HEADER = ShaderToy_Prefix.pch;
				GCC_SYMBOLS_PRIVATE_EXTERN = NO;
				INFOPLIST_FILE = Info.plist;
				INSTALL_PATH = "$(HOME)/Applications";
				OTHER_LDFLAGS = "\"$(CINDER_PATH)/lib/macosx/$(CONFIGURATION)/libcinder.a\"";
				PRODUCT_BUNDLE_IDENTIFIER = "org.libcinder.${PRODUCT_NAME:rfc1034identifier}";
				PRODUCT_NAME = ShaderToy;
				SYMROOT = ./build;
				WRAPPER_EXTENSION = app;
			};
			name = Debug;
		};
		C01FCF4C08A954540054247B /* Release */ = {
			isa = XCBuildConfiguration;
			buildSettings = {
				COMBINE_HIDPI_IMAGES = YES;
				DEAD_CODE_STRIPPING = YES;
				DEBUG_INFORMATION_FORMAT = "dwarf-with-dsym";
				GCC_FAST_MATH = YES;
				GCC_GENERATE_DEBUGGING_SYMBOLS = NO;
				GCC_INLINES_ARE_PRIVATE_EXTERN = YES;
				GCC_OPTIMIZATION_LEVEL = 3;
				GCC_PREPROCESSOR_DEFINITIONS = (
					"NDEBUG=1",
					"$(inherited)",
				);
				GCC_PRECOMPILE_PREFIX_HEADER = YES;
				GCC_PREFIX_HEADER = ShaderToy_Prefix.pch;
				GCC_SYMBOLS_PRIVATE_EXTERN = NO;
				INFOPLIST_FILE = Info.plist;
				INSTALL_PATH = "$(HOME)/Applications";
				OTHER_LDFLAGS = "\"$(CINDER_PATH)/lib/macosx/$(CONFIGURATION)/libcinder.a\"";
				PRODUCT_BUNDLE_IDENTIFIER = "org.libcinder.${PRODUCT_NAME:rfc1034identifier}";
				PRODUCT_NAME = ShaderToy;
				STRIP_INSTALLED_PRODUCT = YES;
				SYMROOT = ./build;
				WRAPPER_EXTENSION = app;
			};
			name = Release;
		};
		C01FCF4F08A954540054247B /* Debug */ = {
			isa = XCBuildConfiguration;
			buildSettings = {
				ALWAYS_SEARCH_USER_PATHS = NO;
				CINDER_PATH = "../../../Cinder";
				CLANG_CXX_LANGUAGE_STANDARD = "c++11";
				CLANG_CXX_LIBRARY = "libc++";
				ENABLE_TESTABILITY = YES;
				GCC_WARN_ABOUT_RETURN_TYPE = YES;
				GCC_WARN_UNUSED_VARIABLE = YES;
				HEADER_SEARCH_PATHS = "\"$(CINDER_PATH)/include\"";
				MACOSX_DEPLOYMENT_TARGET = 10.8;
				ONLY_ACTIVE_ARCH = YES;
				SDKROOT = macosx;
				USER_HEADER_SEARCH_PATHS = (
					"\"$(CINDER_PATH)/include\" ../include",
					"\"../../../Cinder/blocks/Cinder-VNM/include\"",
					../../../Cinder/blocks,
				);
			};
			name = Debug;
		};
		C01FCF5008A954540054247B /* Release */ = {
			isa = XCBuildConfiguration;
			buildSettings = {
				ALWAYS_SEARCH_USER_PATHS = NO;
				CINDER_PATH = "../../../Cinder";
				CLANG_CXX_LANGUAGE_STANDARD = "c++11";
				CLANG_CXX_LIBRARY = "libc++";
				GCC_WARN_ABOUT_RETURN_TYPE = YES;
				GCC_WARN_UNUSED_VARIABLE = YES;
				HEADER_SEARCH_PATHS = "\"$(CINDER_PATH)/include\"";
				MACOSX_DEPLOYMENT_TARGET = 10.8;
				SDKROOT = macosx;
				USER_HEADER_SEARCH_PATHS = (
					"\"$(CINDER_PATH)/include\" ../include",
					"\"../../../Cinder/blocks/Cinder-VNM/include\"",
					../../../Cinder/blocks,
				);
			};
			name = Release;
		};
/* End XCBuildConfiguration section */

/* Begin XCConfigurationList section */
		C01FCF4A08A954540054247B /* Build configuration list for PBXNativeTarget "ShaderToy" */ = {
			isa = XCConfigurationList;
			buildConfigurations = (
				C01FCF4B08A954540054247B /* Debug */,
				C01FCF4C08A954540054247B /* Release */,
			);
			defaultConfigurationIsVisible = 0;
			defaultConfigurationName = Release;
		};
		C01FCF4E08A954540054247B /* Build configuration list for PBXProject "ShaderToy" */ = {
			isa = XCConfigurationList;
			buildConfigurations = (
				C01FCF4F08A954540054247B /* Debug */,
				C01FCF5008A954540054247B /* Release */,
			);
			defaultConfigurationIsVisible = 0;
			defaultConfigurationName = Release;
		};
/* End XCConfigurationList section */
	};
	rootObject = 29B97313FDCFA39411CA2CEA /* Project object */;
}
